
Microsoft Visual Studio Solution File, Format Version 12.00
# Visual Studio Version 17
VisualStudioVersion = 17.11.35431.28
MinimumVisualStudioVersion = 10.0.40219.1
Project("{FAE04EC0-301F-11D3-BF4B-00C04F79EFBC}") = "CrudFirstCode", "ProductCodeFirst\CrudFirstCode.csproj", "{B23C9041-D527-431F-BBFA-48C48188DEFF}"
EndProject
Global
	GlobalSection(SolutionConfigurationPlatforms) = preSolution
		Debug|Any CPU = Debug|Any CPU
		Release|Any CPU = Release|Any CPU
	EndGlobalSection
	GlobalSection(ProjectConfigurationPlatforms) = postSolution
		{B23C9041-D527-431F-BBFA-48C48188DEFF}.Debug|Any CPU.ActiveCfg = Debug|Any CPU
		{B23C9041-D527-431F-BBFA-48C48188DEFF}.Debug|Any CPU.Build.0 = Debug|Any CPU
		{B23C9041-D527-431F-BBFA-48C48188DEFF}.Release|Any CPU.ActiveCfg = Release|Any CPU
		{B23C9041-D527-431F-BBFA-48C48188DEFF}.Release|Any CPU.Build.0 = Release|Any CPU
	EndGlobalSection
	GlobalSection(SolutionProperties) = preSolution
		HideSolutionNode = FALSE
	EndGlobalSection
	GlobalSection(ExtensibilityGlobals) = postSolution
		SolutionGuid = {C25C711C-936B-41EF-9A6D-94478D73F150}
	EndGlobalSection
EndGlobal
